
Microsoft Visual Studio Solution File, Format Version 12.00
# Visual Studio Version 17
VisualStudioVersion = 17.8.34525.116
MinimumVisualStudioVersion = 10.0.40219.1
Project("{2150E333-8FDC-42A3-9474-1A3956D46DE8}") = "Frontends", "Frontends", "{B4F00740-1D39-4393-AE11-D0D6792C26D5}"
EndProject
Project("{9A19103F-16F7-4668-BE54-9A1E7A4F7556}") = "GloboTicket.Web", "GloboTicket.Web\GloboTicket.Web.csproj", "{1D9FE0A6-78F9-4D6C-87C1-CB0962F42215}"
EndProject
Project("{2150E333-8FDC-42A3-9474-1A3956D46DE8}") = "Services", "Services", "{EAFABC1B-DFB5-46AE-B2C4-DBF1FABD506E}"
EndProject
Project("{9A19103F-16F7-4668-BE54-9A1E7A4F7556}") = "GloboTicket.Services.EventCatalog", "GloboTicket.Services.EventCatalog\GloboTicket.Services.EventCatalog.csproj", "{2830F4B2-7765-43A1-9BD3-496D38E84D72}"
EndProject
Project("{9A19103F-16F7-4668-BE54-9A1E7A4F7556}") = "GloboTicket.Services.ShoppingBasket", "GloboTicket.Services.ShoppingBasket\GloboTicket.Services.ShoppingBasket.csproj", "{3272A1B0-1546-439D-A1B5-AAD0EE39EFBD}"
EndProject
Project("{2150E333-8FDC-42A3-9474-1A3956D46DE8}") = "proto", "proto", "{AF48561C-2B8B-4BC5-975C-4B7D0C63DEB6}"
	ProjectSection(SolutionItems) = preProject
		discount.proto = discount.proto
		order.proto = order.proto
		payment.proto = payment.proto
	EndProjectSection
EndProject
Project("{9A19103F-16F7-4668-BE54-9A1E7A4F7556}") = "GloboTicket.Services.Discount", "GloboTicket.Services.Discount\GloboTicket.Services.Discount.csproj", "{EAADC10C-731E-40A5-AF3C-828BBC80D9F7}"
EndProject
Project("{9A19103F-16F7-4668-BE54-9A1E7A4F7556}") = "GloboTicket.Services.Ordering", "GloboTicket.Services.Ordering\GloboTicket.Services.Ordering.csproj", "{ABEA0091-7DCB-46C7-83D5-0D32BCB35662}"
EndProject
Project("{9A19103F-16F7-4668-BE54-9A1E7A4F7556}") = "GloboTicket.Services.ExternalPayment", "GloboTicket.Services.ExternalPayment\GloboTicket.Services.ExternalPayment.csproj", "{26C4F6C8-1E98-41F7-A0DF-601879AD4012}"
EndProject
Project("{2150E333-8FDC-42A3-9474-1A3956D46DE8}") = "Integration", "Integration", "{46270932-68B5-4CDA-9B2B-07C553F80E6E}"
EndProject
Project("{FAE04EC0-301F-11D3-BF4B-00C04F79EFBC}") = "GloboTicket.Integration.Messages", "GloboTicket.Integration.Messages\GloboTicket.Integration.Messages.csproj", "{3E75C7B0-9315-455B-A664-979ABEB7EC0F}"
EndProject
Project("{FAE04EC0-301F-11D3-BF4B-00C04F79EFBC}") = "GloboTicket.Integration.MessagingBus", "GloboTicket.Integration.MessagingBus\GloboTicket.Integration.MessagingBus.csproj", "{7A3643ED-EF18-4F8B-AFDB-17CF2932A2A0}"
EndProject
Global
	GlobalSection(SolutionConfigurationPlatforms) = preSolution
		Debug|Any CPU = Debug|Any CPU
		Release|Any CPU = Release|Any CPU
	EndGlobalSection
	GlobalSection(ProjectConfigurationPlatforms) = postSolution
		{1D9FE0A6-78F9-4D6C-87C1-CB0962F42215}.Debug|Any CPU.ActiveCfg = Debug|Any CPU
		{1D9FE0A6-78F9-4D6C-87C1-CB0962F42215}.Debug|Any CPU.Build.0 = Debug|Any CPU
		{1D9FE0A6-78F9-4D6C-87C1-CB0962F42215}.Release|Any CPU.ActiveCfg = Release|Any CPU
		{1D9FE0A6-78F9-4D6C-87C1-CB0962F42215}.Release|Any CPU.Build.0 = Release|Any CPU
		{2830F4B2-7765-43A1-9BD3-496D38E84D72}.Debug|Any CPU.ActiveCfg = Debug|Any CPU
		{2830F4B2-7765-43A1-9BD3-496D38E84D72}.Debug|Any CPU.Build.0 = Debug|Any CPU
		{2830F4B2-7765-43A1-9BD3-496D38E84D72}.Release|Any CPU.ActiveCfg = Release|Any CPU
		{2830F4B2-7765-43A1-9BD3-496D38E84D72}.Release|Any CPU.Build.0 = Release|Any CPU
		{3272A1B0-1546-439D-A1B5-AAD0EE39EFBD}.Debug|Any CPU.ActiveCfg = Debug|Any CPU
		{3272A1B0-1546-439D-A1B5-AAD0EE39EFBD}.Debug|Any CPU.Build.0 = Debug|Any CPU
		{3272A1B0-1546-439D-A1B5-AAD0EE39EFBD}.Release|Any CPU.ActiveCfg = Release|Any CPU
		{3272A1B0-1546-439D-A1B5-AAD0EE39EFBD}.Release|Any CPU.Build.0 = Release|Any CPU
		{EAADC10C-731E-40A5-AF3C-828BBC80D9F7}.Debug|Any CPU.ActiveCfg = Debug|Any CPU
		{EAADC10C-731E-40A5-AF3C-828BBC80D9F7}.Debug|Any CPU.Build.0 = Debug|Any CPU
		{EAADC10C-731E-40A5-AF3C-828BBC80D9F7}.Release|Any CPU.ActiveCfg = Release|Any CPU
		{EAADC10C-731E-40A5-AF3C-828BBC80D9F7}.Release|Any CPU.Build.0 = Release|Any CPU
		{ABEA0091-7DCB-46C7-83D5-0D32BCB35662}.Debug|Any CPU.ActiveCfg = Debug|Any CPU
		{ABEA0091-7DCB-46C7-83D5-0D32BCB35662}.Debug|Any CPU.Build.0 = Debug|Any CPU
		{ABEA0091-7DCB-46C7-83D5-0D32BCB35662}.Release|Any CPU.ActiveCfg = Release|Any CPU
		{ABEA0091-7DCB-46C7-83D5-0D32BCB35662}.Release|Any CPU.Build.0 = Release|Any CPU
		{26C4F6C8-1E98-41F7-A0DF-601879AD4012}.Debug|Any CPU.ActiveCfg = Debug|Any CPU
		{26C4F6C8-1E98-41F7-A0DF-601879AD4012}.Debug|Any CPU.Build.0 = Debug|Any CPU
		{26C4F6C8-1E98-41F7-A0DF-601879AD4012}.Release|Any CPU.ActiveCfg = Release|Any CPU
		{26C4F6C8-1E98-41F7-A0DF-601879AD4012}.Release|Any CPU.Build.0 = Release|Any CPU
		{3E75C7B0-9315-455B-A664-979ABEB7EC0F}.Debug|Any CPU.ActiveCfg = Debug|Any CPU
		{3E75C7B0-9315-455B-A664-979ABEB7EC0F}.Debug|Any CPU.Build.0 = Debug|Any CPU
		{3E75C7B0-9315-455B-A664-979ABEB7EC0F}.Release|Any CPU.ActiveCfg = Release|Any CPU
		{3E75C7B0-9315-455B-A664-979ABEB7EC0F}.Release|Any CPU.Build.0 = Release|Any CPU
		{7A3643ED-EF18-4F8B-AFDB-17CF2932A2A0}.Debug|Any CPU.ActiveCfg = Debug|Any CPU
		{7A3643ED-EF18-4F8B-AFDB-17CF2932A2A0}.Debug|Any CPU.Build.0 = Debug|Any CPU
		{7A3643ED-EF18-4F8B-AFDB-17CF2932A2A0}.Release|Any CPU.ActiveCfg = Release|Any CPU
		{7A3643ED-EF18-4F8B-AFDB-17CF2932A2A0}.Release|Any CPU.Build.0 = Release|Any CPU
	EndGlobalSection
	GlobalSection(SolutionProperties) = preSolution
		HideSolutionNode = FALSE
	EndGlobalSection
	GlobalSection(NestedProjects) = preSolution
		{1D9FE0A6-78F9-4D6C-87C1-CB0962F42215} = {B4F00740-1D39-4393-AE11-D0D6792C26D5}
		{2830F4B2-7765-43A1-9BD3-496D38E84D72} = {EAFABC1B-DFB5-46AE-B2C4-DBF1FABD506E}
		{3272A1B0-1546-439D-A1B5-AAD0EE39EFBD} = {EAFABC1B-DFB5-46AE-B2C4-DBF1FABD506E}
		{EAADC10C-731E-40A5-AF3C-828BBC80D9F7} = {EAFABC1B-DFB5-46AE-B2C4-DBF1FABD506E}
		{ABEA0091-7DCB-46C7-83D5-0D32BCB35662} = {EAFABC1B-DFB5-46AE-B2C4-DBF1FABD506E}
		{26C4F6C8-1E98-41F7-A0DF-601879AD4012} = {EAFABC1B-DFB5-46AE-B2C4-DBF1FABD506E}
		{3E75C7B0-9315-455B-A664-979ABEB7EC0F} = {46270932-68B5-4CDA-9B2B-07C553F80E6E}
		{7A3643ED-EF18-4F8B-AFDB-17CF2932A2A0} = {46270932-68B5-4CDA-9B2B-07C553F80E6E}
	EndGlobalSection
	GlobalSection(ExtensibilityGlobals) = postSolution
		SolutionGuid = {9BFD83B1-F284-4C89-9A3B-A67968E6C5C4}
	EndGlobalSection
EndGlobal
